
Microsoft Visual Studio Solution File, Format Version 12.00
# Visual Studio 15
VisualStudioVersion = 15.0.28010.2003
MinimumVisualStudioVersion = 10.0.40219.1
Project("{FAE04EC0-301F-11D3-BF4B-00C04F79EFBC}") = "FAQ_Oblig3", "FAQ_Oblig3\FAQ_Oblig3.csproj", "{7CA1B18A-8FA8-4B17-A3B5-65FB565DF508}"
EndProject
Global
	GlobalSection(SolutionConfigurationPlatforms) = preSolution
		Debug|Any CPU = Debug|Any CPU
		Release|Any CPU = Release|Any CPU
	EndGlobalSection
	GlobalSection(ProjectConfigurationPlatforms) = postSolution
		{7CA1B18A-8FA8-4B17-A3B5-65FB565DF508}.Debug|Any CPU.ActiveCfg = Debug|Any CPU
		{7CA1B18A-8FA8-4B17-A3B5-65FB565DF508}.Debug|Any CPU.Build.0 = Debug|Any CPU
		{7CA1B18A-8FA8-4B17-A3B5-65FB565DF508}.Release|Any CPU.ActiveCfg = Release|Any CPU
		{7CA1B18A-8FA8-4B17-A3B5-65FB565DF508}.Release|Any CPU.Build.0 = Release|Any CPU
	EndGlobalSection
	GlobalSection(SolutionProperties) = preSolution
		HideSolutionNode = FALSE
	EndGlobalSection
	GlobalSection(ExtensibilityGlobals) = postSolution
		SolutionGuid = {E4FDC3C8-7A37-4DBF-9CF8-238AADB0BB5C}
	EndGlobalSection
EndGlobal
